
Microsoft Visual Studio Solution File, Format Version 12.00
# Visual Studio 14
VisualStudioVersion = 14.0.25420.1
MinimumVisualStudioVersion = 10.0.40219.1
Project("{FAE04EC0-301F-11D3-BF4B-00C04F79EFBC}") = "Arrays_and_Lists_Excercises", "Arrays_and_Lists_Excercises\Arrays_and_Lists_Excercises.csproj", "{A3EAB8B8-B663-40C3-847B-76CD228F7628}"
EndProject
Global
	GlobalSection(SolutionConfigurationPlatforms) = preSolution
		Debug|Any CPU = Debug|Any CPU
		Release|Any CPU = Release|Any CPU
	EndGlobalSection
	GlobalSection(ProjectConfigurationPlatforms) = postSolution
		{A3EAB8B8-B663-40C3-847B-76CD228F7628}.Debug|Any CPU.ActiveCfg = Debug|Any CPU
		{A3EAB8B8-B663-40C3-847B-76CD228F7628}.Debug|Any CPU.Build.0 = Debug|Any CPU
		{A3EAB8B8-B663-40C3-847B-76CD228F7628}.Release|Any CPU.ActiveCfg = Release|Any CPU
		{A3EAB8B8-B663-40C3-847B-76CD228F7628}.Release|Any CPU.Build.0 = Release|Any CPU
	EndGlobalSection
	GlobalSection(SolutionProperties) = preSolution
		HideSolutionNode = FALSE
	EndGlobalSection
EndGlobal
