
Microsoft Visual Studio Solution File, Format Version 12.00
# Visual Studio 14
VisualStudioVersion = 14.0.25420.1
MinimumVisualStudioVersion = 10.0.40219.1
Project("{FAE04EC0-301F-11D3-BF4B-00C04F79EFBC}") = "Type_Conversion_and_Casting", "Type_Conversion_and_Casting\Type_Conversion_and_Casting.csproj", "{1A2B57B0-0D0D-4F2D-8768-AEF49C228CEE}"
EndProject
Global
	GlobalSection(SolutionConfigurationPlatforms) = preSolution
		Debug|Any CPU = Debug|Any CPU
		Release|Any CPU = Release|Any CPU
	EndGlobalSection
	GlobalSection(ProjectConfigurationPlatforms) = postSolution
		{1A2B57B0-0D0D-4F2D-8768-AEF49C228CEE}.Debug|Any CPU.ActiveCfg = Debug|Any CPU
		{1A2B57B0-0D0D-4F2D-8768-AEF49C228CEE}.Debug|Any CPU.Build.0 = Debug|Any CPU
		{1A2B57B0-0D0D-4F2D-8768-AEF49C228CEE}.Release|Any CPU.ActiveCfg = Release|Any CPU
		{1A2B57B0-0D0D-4F2D-8768-AEF49C228CEE}.Release|Any CPU.Build.0 = Release|Any CPU
	EndGlobalSection
	GlobalSection(SolutionProperties) = preSolution
		HideSolutionNode = FALSE
	EndGlobalSection
EndGlobal
